
Microsoft Visual Studio Solution File, Format Version 12.00
# Visual Studio Version 17
VisualStudioVersion = 17.5.33414.496
MinimumVisualStudioVersion = 10.0.40219.1
Project("{FAE04EC0-301F-11D3-BF4B-00C04F79EFBC}") = "C#FirstTask", "C#FirstTask\C#FirstTask.csproj", "{74B66684-ABD2-4220-9DFE-94F96D9444CA}"
EndProject
Project("{FAE04EC0-301F-11D3-BF4B-00C04F79EFBC}") = "UnitTestsStoredProcedure", "UnitTestsStoredProcedure\UnitTestsStoredProcedure.csproj", "{C0C25E8D-95FB-4EE3-81A9-E88D427BB8E4}"
EndProject
Project("{FAE04EC0-301F-11D3-BF4B-00C04F79EFBC}") = "UnitTestsFunctions", "UnitTestsFunctions\UnitTestsFunctions.csproj", "{AFD3AE18-6B54-4C42-A376-6550249CC64F}"
EndProject
Project("{FAE04EC0-301F-11D3-BF4B-00C04F79EFBC}") = "UnitTestsViews", "UnitTestsViews\UnitTestsViews.csproj", "{07154E63-ACEA-47A8-A9FC-F5950D520545}"
EndProject
Global
	GlobalSection(SolutionConfigurationPlatforms) = preSolution
		Debug|Any CPU = Debug|Any CPU
		Release|Any CPU = Release|Any CPU
	EndGlobalSection
	GlobalSection(ProjectConfigurationPlatforms) = postSolution
		{74B66684-ABD2-4220-9DFE-94F96D9444CA}.Debug|Any CPU.ActiveCfg = Debug|Any CPU
		{74B66684-ABD2-4220-9DFE-94F96D9444CA}.Debug|Any CPU.Build.0 = Debug|Any CPU
		{74B66684-ABD2-4220-9DFE-94F96D9444CA}.Release|Any CPU.ActiveCfg = Release|Any CPU
		{74B66684-ABD2-4220-9DFE-94F96D9444CA}.Release|Any CPU.Build.0 = Release|Any CPU
		{C0C25E8D-95FB-4EE3-81A9-E88D427BB8E4}.Debug|Any CPU.ActiveCfg = Debug|Any CPU
		{C0C25E8D-95FB-4EE3-81A9-E88D427BB8E4}.Debug|Any CPU.Build.0 = Debug|Any CPU
		{C0C25E8D-95FB-4EE3-81A9-E88D427BB8E4}.Release|Any CPU.ActiveCfg = Release|Any CPU
		{C0C25E8D-95FB-4EE3-81A9-E88D427BB8E4}.Release|Any CPU.Build.0 = Release|Any CPU
		{AFD3AE18-6B54-4C42-A376-6550249CC64F}.Debug|Any CPU.ActiveCfg = Debug|Any CPU
		{AFD3AE18-6B54-4C42-A376-6550249CC64F}.Debug|Any CPU.Build.0 = Debug|Any CPU
		{AFD3AE18-6B54-4C42-A376-6550249CC64F}.Release|Any CPU.ActiveCfg = Release|Any CPU
		{AFD3AE18-6B54-4C42-A376-6550249CC64F}.Release|Any CPU.Build.0 = Release|Any CPU
		{07154E63-ACEA-47A8-A9FC-F5950D520545}.Debug|Any CPU.ActiveCfg = Debug|Any CPU
		{07154E63-ACEA-47A8-A9FC-F5950D520545}.Debug|Any CPU.Build.0 = Debug|Any CPU
		{07154E63-ACEA-47A8-A9FC-F5950D520545}.Release|Any CPU.ActiveCfg = Release|Any CPU
		{07154E63-ACEA-47A8-A9FC-F5950D520545}.Release|Any CPU.Build.0 = Release|Any CPU
	EndGlobalSection
	GlobalSection(SolutionProperties) = preSolution
		HideSolutionNode = FALSE
	EndGlobalSection
	GlobalSection(ExtensibilityGlobals) = postSolution
		SolutionGuid = {F8EC1C57-E8AE-46A5-B0B5-F84490F95950}
	EndGlobalSection
EndGlobal
